<Solution>
  <Folder Name="/Applications/">
    <Project Path="Applications/Reoria.Client.Desktop/Reoria.Client.Desktop.csproj" Id="f4c425ee-aae3-4953-a8e6-27b4b81678d9" />
  </Folder>
  <Folder Name="/Source/">
    <Project Path="Source/Reoria.Client.Assets/Reoria.Client.Assets.shproj" Id="c7a644e4-fedf-42da-a30e-4795c9fb82d5" />
    <Project Path="Source/Reoria.Client.Core/Reoria.Client.Core.shproj" Id="00892fae-cb4e-4beb-9d00-c17ce692e485" />
    <Project Path="Source/Reoria.Engine.Core/Reoria.Engine.Core.shproj" Id="94390207-9ab8-4613-bde1-3de4b8b6829c" />
  </Folder>
</Solution>
